{
    "name": "leetsave",
    "version": "0.1.0",
    "lockfileVersion": 3,
    "requires": true,
    "packages": {
        "": {
            "name": "leetsave",
            "version": "0.1.0",
            "dependencies": {
                "dotenv": "^16.1.4",
                "node-cron": "^3.0.0",
                "string-strip-html": "^9.0.0"
            },
            "engines": {
                "node": ">=18.0.0"
            }
        },
        "node_modules/dotenv": {
            "version": "16.6.1",
            "resolved": "https://registry.npmjs.org/dotenv/-/dotenv-16.6.1.tgz",
            "integrity": "sha512-uBq4egWHTcTt33a72vpSG0z3HnPuIl6NqYcTrKEg2azoEyl2hpW0zqlxysq2pK9HlDIHyHyakeYaYnSAwd8bow==",
            "license": "BSD-2-Clause",
            "engines": {
                "node": ">=12"
            },
            "funding": {
                "url": "https://dotenvx.com"
            }
        },
        "node_modules/html-entities": {
            "version": "2.6.0",
            "resolved": "https://registry.npmjs.org/html-entities/-/html-entities-2.6.0.tgz",
            "integrity": "sha512-kig+rMn/QOVRvr7c86gQ8lWXq+Hkv6CbAH1hLu+RG338StTpE8Z0b44SDVaqVu7HGKf27frdmUYEs9hTUX/cLQ==",
            "funding": [
                {
                    "type": "github",
                    "url": "https://github.com/sponsors/mdevils"
                },
                {
                    "type": "patreon",
                    "url": "https://patreon.com/mdevils"
                }
            ],
            "license": "MIT"
        },
        "node_modules/lodash.clonedeep": {
            "version": "4.5.0",
            "resolved": "https://registry.npmjs.org/lodash.clonedeep/-/lodash.clonedeep-4.5.0.tgz",
            "integrity": "sha512-H5ZhCF25riFd9uB5UCkVKo61m3S/xZk1x4wA6yp/L3RFP6Z/eHH1ymQcGLo7J3GMPfm0V/7m1tryHuGVxpqEBQ==",
            "license": "MIT"
        },
        "node_modules/lodash.isplainobject": {
            "version": "4.0.6",
            "resolved": "https://registry.npmjs.org/lodash.isplainobject/-/lodash.isplainobject-4.0.6.tgz",
            "integrity": "sha512-oSXzaWypCMHkPC3NvBEaPHf0KsA5mvPrOPgQWDsbg8n7orZ290M0BmC/jgRZ4vcJ6DTAhjrsSYgdsW/F+MFOBA==",
            "license": "MIT"
        },
        "node_modules/lodash.trim": {
            "version": "4.18.0",
            "resolved": "https://registry.npmjs.org/lodash.trim/-/lodash.trim-4.18.0.tgz",
            "integrity": "sha512-q8B9MlXzN9NaTtS2JCd7kKl3RqwrVURgKEXoHDII8A/v7y3tWOq3rLEe+vN6LNvT+EYBVKVt6roNQxMkosS2aA==",
            "license": "MIT"
        },
        "node_modules/lodash.without": {
            "version": "4.4.0",
            "resolved": "https://registry.npmjs.org/lodash.without/-/lodash.without-4.4.0.tgz",
            "integrity": "sha512-M3MefBwfDhgKgINVuBJCO1YR3+gf6s9HNJsIiZ/Ru77Ws6uTb9eBuvrkpzO+9iLoAaRodGuq7tyrPCx+74QYGQ==",
            "license": "MIT"
        },
        "node_modules/node-cron": {
            "version": "3.0.3",
            "resolved": "https://registry.npmjs.org/node-cron/-/node-cron-3.0.3.tgz",
            "integrity": "sha512-dOal67//nohNgYWb+nWmg5dkFdIwDm8EpeGYMekPMrngV3637lqnX0lbUcCtgibHTz6SEz7DAIjKvKDFYCnO1A==",
            "license": "ISC",
            "dependencies": {
                "uuid": "8.3.2"
            },
            "engines": {
                "node": ">=6.0.0"
            }
        },
        "node_modules/ranges-apply": {
            "version": "6.2.12",
            "resolved": "https://registry.npmjs.org/ranges-apply/-/ranges-apply-6.2.12.tgz",
            "integrity": "sha512-kvbXY6BNDpEAri/PlDZHlDyEAFvbAlfHGcIPQ6lg2BCifepx0t7knULy0ryvtsDuYCutK2ZVp+XTCMWcfaf/AQ==",
            "license": "MIT",
            "dependencies": {
                "ranges-merge": "^8.2.7",
                "tiny-invariant": "^1.3.1"
            },
            "engines": {
                "node": "^12.20.0 || ^14.13.1 || >=16.0.0"
            }
        },
        "node_modules/ranges-merge": {
            "version": "8.2.7",
            "resolved": "https://registry.npmjs.org/ranges-merge/-/ranges-merge-8.2.7.tgz",
            "integrity": "sha512-ymJfok6pW4vndF8wy6SeqnLGu5GH8k+MM+W4fAqif79HGNloNzwE0ijVmuRd8D7ulJnwo5BGzwpZpXYHYeLlMQ==",
            "license": "MIT",
            "dependencies": {
                "ranges-push": "^6.2.7",
                "ranges-sort": "^5.1.6"
            },
            "engines": {
                "node": "^12.20.0 || ^14.13.1 || >=16.0.0"
            }
        },
        "node_modules/ranges-push": {
            "version": "6.2.7",
            "resolved": "https://registry.npmjs.org/ranges-push/-/ranges-push-6.2.7.tgz",
            "integrity": "sha512-OX12airFLYK4/6dh3b82NRtGzpXyOWTmjiJzD/oMvzgZ2cfNbsa5qKLtf9AwZO6cVOpS2Li1l2mKTVjlM6MMpg==",
            "license": "MIT",
            "dependencies": {
                "string-collapse-leading-whitespace": "^6.1.7",
                "string-trim-spaces-only": "^4.1.6"
            },
            "engines": {
                "node": "^12.20.0 || ^14.13.1 || >=16.0.0"
            }
        },
        "node_modules/ranges-sort": {
            "version": "5.1.6",
            "resolved": "https://registry.npmjs.org/ranges-sort/-/ranges-sort-5.1.6.tgz",
            "integrity": "sha512-/Mlg0Oe5iwu2lxeZGG/zzz92rQ6LpKimMx9uBj4EQthSSUDpvNeQzMthhdDBi/NGhG29rIWGpgl9jUHomUmX3Q==",
            "license": "MIT",
            "engines": {
                "node": "^12.20.0 || ^14.13.1 || >=16.0.0"
            }
        },
        "node_modules/string-collapse-leading-whitespace": {
            "version": "6.1.7",
            "resolved": "https://registry.npmjs.org/string-collapse-leading-whitespace/-/string-collapse-leading-whitespace-6.1.7.tgz",
            "integrity": "sha512-RGpJrs/C31mPyBPvmjcM16joFYaywAoJ8L9pWY/xFegkykFdMrg569ragafoJZgv485hEwWjihD5VgwJftrRmw==",
            "license": "MIT",
            "engines": {
                "node": "^12.20.0 || ^14.13.1 || >=16.0.0"
            }
        },
        "node_modules/string-left-right": {
            "version": "5.1.7",
            "resolved": "https://registry.npmjs.org/string-left-right/-/string-left-right-5.1.7.tgz",
            "integrity": "sha512-WSFZJ/oy3Ako6VS3+MyA7S1OceG+RIFkPUQzHumtw/N8aAA5WafVgQg2AE9WQWZ7py9bJlcH50BjSo+PlN8xNw==",
            "license": "MIT",
            "dependencies": {
                "lodash.clonedeep": "^4.5.0",
                "lodash.isplainobject": "^4.0.6"
            },
            "engines": {
                "node": "^12.20.0 || ^14.13.1 || >=16.0.0"
            }
        },
        "node_modules/string-strip-html": {
            "version": "9.1.13",
            "resolved": "https://registry.npmjs.org/string-strip-html/-/string-strip-html-9.1.13.tgz",
            "integrity": "sha512-d8D1OYmF+hwHL/WRpDkrhaHcu49PBMjD2rHf1L4O2Fb5SNufJvHW0MI2Ib7uMpYOl/9InLssDkFb+bO65MqQ3Q==",
            "license": "MIT",
            "dependencies": {
                "html-entities": "^2.3.3",
                "lodash.isplainobject": "^4.0.6",
                "lodash.trim": "^4.5.1",
                "lodash.without": "^4.4.0",
                "ranges-apply": "^6.1.4",
                "ranges-push": "^6.1.4",
                "string-left-right": "^5.0.14"
            },
            "engines": {
                "node": "^12.20.0 || ^14.13.1 || >=16.0.0"
            }
        },
        "node_modules/string-trim-spaces-only": {
            "version": "4.1.6",
            "resolved": "https://registry.npmjs.org/string-trim-spaces-only/-/string-trim-spaces-only-4.1.6.tgz",
            "integrity": "sha512-rI++1I1wesrddwz1TH011+zNO0k+0u4b8RwDrzPlrQ3jvPrmrXfn5O5eWeLFuV/8zmPSXe5iq+G43hURZF89hQ==",
            "license": "MIT",
            "engines": {
                "node": "^12.20.0 || ^14.13.1 || >=16.0.0"
            }
        },
        "node_modules/tiny-invariant": {
            "version": "1.3.3",
            "resolved": "https://registry.npmjs.org/tiny-invariant/-/tiny-invariant-1.3.3.tgz",
            "integrity": "sha512-+FbBPE1o9QAYvviau/qC5SE3caw21q3xkvWKBtja5vgqOWIHHJ3ioaq1VPfn/Szqctz2bU/oYeKd9/z5BL+PVg==",
            "license": "MIT"
        },
        "node_modules/uuid": {
            "version": "8.3.2",
            "resolved": "https://registry.npmjs.org/uuid/-/uuid-8.3.2.tgz",
            "integrity": "sha512-+NYs2QeMWy+GWFOEm9xnn6HCDp0l7QBD7ml8zLUmJ+93Q5NF0NocErnwkTkXVFNiX3/fpC6afS8Dhb/gz7R7eg==",
            "deprecated": "uuid@10 and below is no longer supported.  For ESM codebases, update to uuid@latest.  For CommonJS codebases, use uuid@11 (but be aware this version will likely be deprecated in 2028).",
            "license": "MIT",
            "bin": {
                "uuid": "dist/bin/uuid"
            }
        }
    }
}
