{
    "name": "leetsave",
    "lockfileVersion": 3,
    "requires": true,
    "packages": {
        "": {
            "dependencies": {
                "dotenv": "*",
                "string-strip-html": ""
            }
        },
        "node_modules/@types/lodash": {
            "version": "4.17.24",
            "resolved": "https://registry.npmjs.org/@types/lodash/-/lodash-4.17.24.tgz",
            "integrity": "sha512-gIW7lQLZbue7lRSWEFql49QJJWThrTFFeIMJdp3eH4tKoxm1OvEPg02rm4wCCSHS0cL3/Fizimb35b7k8atwsQ==",
            "license": "MIT"
        },
        "node_modules/@types/lodash-es": {
            "version": "4.17.12",
            "resolved": "https://registry.npmjs.org/@types/lodash-es/-/lodash-es-4.17.12.tgz",
            "integrity": "sha512-0NgftHUcV4v34VhXm8QBSftKVXtbkBG3ViCjs6+eJ5a6y6Mi/jiFGPc1sC7QK+9BFhWrURE3EOggmWaSxL9OzQ==",
            "license": "MIT",
            "dependencies": {
                "@types/lodash": "*"
            }
        },
        "node_modules/codsen-utils": {
            "version": "1.7.3",
            "resolved": "https://registry.npmjs.org/codsen-utils/-/codsen-utils-1.7.3.tgz",
            "integrity": "sha512-YIFQQ1n2NSgwoB3sCe7RpkZzsrPxTMek6jc7wC9fXOm1wwfWAKja9gLOMEjlXOUd3LKV3o6Jci7n9BoHs5Z8Sg==",
            "license": "MIT",
            "dependencies": {
                "rfdc": "^1.4.1"
            },
            "engines": {
                "node": ">=14.18.0"
            }
        },
        "node_modules/dotenv": {
            "version": "17.4.2",
            "resolved": "https://registry.npmjs.org/dotenv/-/dotenv-17.4.2.tgz",
            "integrity": "sha512-nI4U3TottKAcAD9LLud4Cb7b2QztQMUEfHbvhTH09bqXTxnSie8WnjPALV/WMCrJZ6UV/qHJ6L03OqO3LcdYZw==",
            "license": "BSD-2-Clause",
            "engines": {
                "node": ">=12"
            },
            "funding": {
                "url": "https://dotenvx.com"
            }
        },
        "node_modules/html-entities": {
            "version": "2.6.0",
            "resolved": "https://registry.npmjs.org/html-entities/-/html-entities-2.6.0.tgz",
            "integrity": "sha512-kig+rMn/QOVRvr7c86gQ8lWXq+Hkv6CbAH1hLu+RG338StTpE8Z0b44SDVaqVu7HGKf27frdmUYEs9hTUX/cLQ==",
            "funding": [
                {
                    "type": "github",
                    "url": "https://github.com/sponsors/mdevils"
                },
                {
                    "type": "patreon",
                    "url": "https://patreon.com/mdevils"
                }
            ],
            "license": "MIT"
        },
        "node_modules/lodash-es": {
            "version": "4.18.1",
            "resolved": "https://registry.npmjs.org/lodash-es/-/lodash-es-4.18.1.tgz",
            "integrity": "sha512-J8xewKD/Gk22OZbhpOVSwcs60zhd95ESDwezOFuA3/099925PdHJ7OFHNTGtajL3AlZkykD32HykiMo+BIBI8A==",
            "license": "MIT"
        },
        "node_modules/ranges-apply": {
            "version": "7.1.3",
            "resolved": "https://registry.npmjs.org/ranges-apply/-/ranges-apply-7.1.3.tgz",
            "integrity": "sha512-+dpc801TK6qUoMKU9dnwD0wH6XORtZicXLVm4p43jEp+te7Q+Tw0Pa4cHX9Mj1W0zshVYh1S4RIYI38ZUPglqQ==",
            "license": "MIT",
            "dependencies": {
                "ranges-merge": "^9.1.3",
                "tiny-invariant": "^1.3.3"
            },
            "engines": {
                "node": ">=14.18.0"
            }
        },
        "node_modules/ranges-merge": {
            "version": "9.1.3",
            "resolved": "https://registry.npmjs.org/ranges-merge/-/ranges-merge-9.1.3.tgz",
            "integrity": "sha512-dPS11e7AHD1tnuzrboYa+n07JqbHccMqt94C3cSlJ9tTC/RN6P+iGePhTyvCPpoNDWVOEVX4JGyGH0oHjwas0g==",
            "license": "MIT",
            "dependencies": {
                "ranges-push": "^7.1.3",
                "ranges-sort": "^6.1.3"
            },
            "engines": {
                "node": ">=14.18.0"
            }
        },
        "node_modules/ranges-push": {
            "version": "7.1.3",
            "resolved": "https://registry.npmjs.org/ranges-push/-/ranges-push-7.1.3.tgz",
            "integrity": "sha512-3laGXNa4CW1vt6e2RqC35xRmxXpcWwLNpepTQJ+dkftc/7rH+d9pQ/UQgV6/peN6DsDcpJuu+PjLjWprz2UjDA==",
            "license": "MIT",
            "dependencies": {
                "codsen-utils": "^1.7.3",
                "ranges-sort": "^6.1.3",
                "string-collapse-leading-whitespace": "^7.1.3",
                "string-trim-spaces-only": "^5.1.3"
            },
            "engines": {
                "node": ">=14.18.0"
            }
        },
        "node_modules/ranges-sort": {
            "version": "6.1.3",
            "resolved": "https://registry.npmjs.org/ranges-sort/-/ranges-sort-6.1.3.tgz",
            "integrity": "sha512-JsTMmurWEOPYowp1OwUbjcfXyDfaTB+AWoiZwjV+3qOv0uUI7A1CExGwyFwfXEO5HYThOTDC96qC9a6BYqFbyg==",
            "license": "MIT",
            "engines": {
                "node": ">=14.18.0"
            }
        },
        "node_modules/rfdc": {
            "version": "1.4.1",
            "resolved": "https://registry.npmjs.org/rfdc/-/rfdc-1.4.1.tgz",
            "integrity": "sha512-q1b3N5QkRUWUl7iyylaaj3kOpIT0N2i9MqIEQXP73GVsN9cw3fdx8X63cEmWhJGi2PPCF23Ijp7ktmd39rawIA==",
            "license": "MIT"
        },
        "node_modules/string-collapse-leading-whitespace": {
            "version": "7.1.3",
            "resolved": "https://registry.npmjs.org/string-collapse-leading-whitespace/-/string-collapse-leading-whitespace-7.1.3.tgz",
            "integrity": "sha512-bCgNODedM9daANnnNPOHuz++qUeVHgsPMghNPznbLLnBviNyuKt9vzHIa6OGTSpWzJUO4Rlffu4+RD47pSTq3g==",
            "license": "MIT",
            "engines": {
                "node": ">=14.18.0"
            }
        },
        "node_modules/string-left-right": {
            "version": "6.1.3",
            "resolved": "https://registry.npmjs.org/string-left-right/-/string-left-right-6.1.3.tgz",
            "integrity": "sha512-XPqLphMTTbPMRs4DPX0flLtVFsDWZ+Og3tyku1FiiE2b/+SUHmiO1KRg7NBlb5e9UrojE5F3ryXORL0VYhwwgA==",
            "license": "MIT",
            "dependencies": {
                "codsen-utils": "^1.7.3",
                "rfdc": "^1.4.1"
            },
            "engines": {
                "node": ">=14.18.0"
            }
        },
        "node_modules/string-strip-html": {
            "version": "13.5.3",
            "resolved": "https://registry.npmjs.org/string-strip-html/-/string-strip-html-13.5.3.tgz",
            "integrity": "sha512-MjrGYjcyOfY8VLXpbEJRtiHLFkWRRIdRt7hcBxGUo2GGM/YSyIfiRQ3q0y2pb+RwYHUfVbw3euuyLzxqyxhyIA==",
            "license": "MIT",
            "dependencies": {
                "@types/lodash-es": "^4.17.12",
                "codsen-utils": "^1.7.3",
                "html-entities": "^2.6.0",
                "lodash-es": "^4.17.22",
                "ranges-apply": "^7.1.3",
                "ranges-push": "^7.1.3",
                "string-left-right": "^6.1.3"
            },
            "engines": {
                "node": ">=14.18.0"
            }
        },
        "node_modules/string-trim-spaces-only": {
            "version": "5.1.3",
            "resolved": "https://registry.npmjs.org/string-trim-spaces-only/-/string-trim-spaces-only-5.1.3.tgz",
            "integrity": "sha512-Flb782YX49j4GkLv/M2rqJik/lUq+OJnT/q7kQ6byZtgknAo1wb1XFBN3b+7UMW5I6VB1QdNAoh9oiUa9izBpA==",
            "license": "MIT",
            "engines": {
                "node": ">=14.18.0"
            }
        },
        "node_modules/tiny-invariant": {
            "version": "1.3.3",
            "resolved": "https://registry.npmjs.org/tiny-invariant/-/tiny-invariant-1.3.3.tgz",
            "integrity": "sha512-+FbBPE1o9QAYvviau/qC5SE3caw21q3xkvWKBtja5vgqOWIHHJ3ioaq1VPfn/Szqctz2bU/oYeKd9/z5BL+PVg==",
            "license": "MIT"
        }
    }
}
